
Microsoft Visual Studio Solution File, Format Version 12.00
# Visual Studio Version 17
VisualStudioVersion = 17.5.002.0
MinimumVisualStudioVersion = 10.0.40219.1
Project("{9A19103F-16F7-4668-BE54-9A1E7A4F7556}") = "Example-mvc-1", "Example-mvc-1.csproj", "{CCE1BC03-B064-43D0-B1B6-27C4A754A7B5}"
EndProject
Global
	GlobalSection(SolutionConfigurationPlatforms) = preSolution
		Debug|Any CPU = Debug|Any CPU
		Release|Any CPU = Release|Any CPU
	EndGlobalSection
	GlobalSection(ProjectConfigurationPlatforms) = postSolution
		{CCE1BC03-B064-43D0-B1B6-27C4A754A7B5}.Debug|Any CPU.ActiveCfg = Debug|Any CPU
		{CCE1BC03-B064-43D0-B1B6-27C4A754A7B5}.Debug|Any CPU.Build.0 = Debug|Any CPU
		{CCE1BC03-B064-43D0-B1B6-27C4A754A7B5}.Release|Any CPU.ActiveCfg = Release|Any CPU
		{CCE1BC03-B064-43D0-B1B6-27C4A754A7B5}.Release|Any CPU.Build.0 = Release|Any CPU
	EndGlobalSection
	GlobalSection(SolutionProperties) = preSolution
		HideSolutionNode = FALSE
	EndGlobalSection
	GlobalSection(ExtensibilityGlobals) = postSolution
		SolutionGuid = {E6CA7C27-644F-49D9-AD02-2F06DF89A8E9}
	EndGlobalSection
EndGlobal
